# THIS IS AN AUTOGENERATED FILE. DO NOT EDIT THIS FILE DIRECTLY.
# yarn lockfile v1


"@parcel/plugin@^2.0.0-beta.1":
  version "2.0.0-beta.1"
  resolved "https://registry.yarnpkg.com/@parcel/plugin/-/plugin-2.0.0-beta.1.tgz#b19f571f59a4f979cc1310d3e0d073fbd9988bd2"
  integrity sha512-ik8kwNTJ7wfPRWHQK5NrUat3WGOZazIv8v1Lbgew6XuVTc333FitvBn6mxpPWp2N3+GWWrVGmBG8m7MI6kB8zw==
  dependencies:
    "@parcel/types" "2.0.0-beta.1"

"@parcel/types@2.0.0-beta.1":
  version "2.0.0-beta.1"
  resolved "https://registry.yarnpkg.com/@parcel/types/-/types-2.0.0-beta.1.tgz#c5581aa754c342a1e5ef382f2bf20555923b672a"
  integrity sha512-2aB5MoEyNUXb34IG1YVRiC5HTHgqWAX8/mM+JGAUit/kTb7eRVtnQtOhQHWyGyLqkEwbLrLo3s272sp5LNK90A==

prettier@^2.2.1:
  version "2.2.1"
  resolved "https://registry.yarnpkg.com/prettier/-/prettier-2.2.1.tgz#795a1a78dd52f073da0cd42b21f9c91381923ff5"
  integrity sha512-PqyhM2yCjg/oKkFPtTGUojv7gnZAoG80ttl45O6x2Ug/rMJw4wcc9k6aaf2hibP7BGVCCM33gZoGjyvt9mm16Q==
